
Microsoft Visual Studio Solution File, Format Version 12.00
# Visual Studio Version 17
VisualStudioVersion = 17.2.32630.192
MinimumVisualStudioVersion = 10.0.40219.1
Project("{2150E333-8FDC-42A3-9474-1A3956D46DE8}") = "Services", "Services", "{7F0F6648-C1E3-4702-BABA-F480EC4BBD87}"
EndProject
Project("{2150E333-8FDC-42A3-9474-1A3956D46DE8}") = "Catalog", "Catalog", "{5C1263DA-BD1C-4D17-89DC-7B72E147DF5E}"
EndProject
Project("{9A19103F-16F7-4668-BE54-9A1E7A4F7556}") = "Catalog.API", "Services\Catalog\Catalog.API\Catalog.API.csproj", "{A0D19D1F-C606-4BFF-A064-2769FFB477D0}"
EndProject
Project("{E53339B2-1760-4266-BCC7-CA923CBCF16C}") = "docker-compose", "docker-compose.dcproj", "{27589D17-8163-4ADB-AAC6-BF9B0EA3D21A}"
EndProject
Project("{2150E333-8FDC-42A3-9474-1A3956D46DE8}") = "Basket", "Basket", "{8C954746-7D40-4BC5-9480-EA0D330C8C11}"
EndProject
Project("{9A19103F-16F7-4668-BE54-9A1E7A4F7556}") = "Basket.API", "Services\Basket\Basket.API\Basket.API.csproj", "{6E58D43B-0955-424E-ABCE-45C115B7CE77}"
EndProject
Project("{2150E333-8FDC-42A3-9474-1A3956D46DE8}") = "Discount", "Discount", "{9CF20616-A8D4-4965-A80E-03066CE3586B}"
EndProject
Project("{9A19103F-16F7-4668-BE54-9A1E7A4F7556}") = "Discount.API", "Services\Discount\Discount.API\Discount.API.csproj", "{38139918-C67F-47B8-80EE-4AF97BF5EA99}"
EndProject
Project("{9A19103F-16F7-4668-BE54-9A1E7A4F7556}") = "Discount.Grpc", "Services\Discount\Discount.Grpc\Discount.Grpc.csproj", "{C6193959-6C02-451E-8F13-10E33F47D1CD}"
EndProject
Project("{2150E333-8FDC-42A3-9474-1A3956D46DE8}") = "Ordering", "Ordering", "{28A264E7-F456-44AF-B22E-2D8879EEEC29}"
EndProject
Project("{9A19103F-16F7-4668-BE54-9A1E7A4F7556}") = "Ordering.API", "Services\Ordering\Ordering.API\Ordering.API.csproj", "{BA781143-2B1A-4EC7-93EA-1FD67AB53987}"
EndProject
Project("{9A19103F-16F7-4668-BE54-9A1E7A4F7556}") = "Ordering.Domain", "Services\Ordering\Ordering.Domain\Ordering.Domain.csproj", "{58BD715F-2488-45A0-964F-87F871783BF2}"
EndProject
Project("{9A19103F-16F7-4668-BE54-9A1E7A4F7556}") = "Ordering.Application", "Services\Ordering\Ordering.Application\Ordering.Application.csproj", "{79CE064F-80BB-4E30-939E-56517548EE7E}"
EndProject
Project("{9A19103F-16F7-4668-BE54-9A1E7A4F7556}") = "Ordering.Infrastructure", "Services\Ordering\Ordering.Infrastructure\Ordering.Infrastructure.csproj", "{87CF3A04-41C9-486A-831F-1E7ABCF4AA16}"
EndProject
Project("{2150E333-8FDC-42A3-9474-1A3956D46DE8}") = "BuildingBlocks", "BuildingBlocks", "{91F50E32-705F-4EA7-9548-5EC8B7273FBD}"
EndProject
Project("{9A19103F-16F7-4668-BE54-9A1E7A4F7556}") = "EventBus.Messages", "BuildingBlocks\EventBus.Messages\EventBus.Messages.csproj", "{7F483D2C-7DAC-4A17-9A5F-B4A3EF35D359}"
EndProject
Project("{2150E333-8FDC-42A3-9474-1A3956D46DE8}") = "ApiGateways", "ApiGateways", "{D3C73C65-9A49-49CE-9E96-1517E37ECAE8}"
EndProject
Project("{FAE04EC0-301F-11D3-BF4B-00C04F79EFBC}") = "OcelotApiGateway", "ApiGateways\OcelotApiGateway\OcelotApiGateway.csproj", "{CA1A07F2-8DD4-4788-BA94-95157AB3BF33}"
EndProject
Global
	GlobalSection(SolutionConfigurationPlatforms) = preSolution
		Debug|Any CPU = Debug|Any CPU
		Release|Any CPU = Release|Any CPU
	EndGlobalSection
	GlobalSection(ProjectConfigurationPlatforms) = postSolution
		{A0D19D1F-C606-4BFF-A064-2769FFB477D0}.Debug|Any CPU.ActiveCfg = Debug|Any CPU
		{A0D19D1F-C606-4BFF-A064-2769FFB477D0}.Debug|Any CPU.Build.0 = Debug|Any CPU
		{A0D19D1F-C606-4BFF-A064-2769FFB477D0}.Release|Any CPU.ActiveCfg = Release|Any CPU
		{A0D19D1F-C606-4BFF-A064-2769FFB477D0}.Release|Any CPU.Build.0 = Release|Any CPU
		{27589D17-8163-4ADB-AAC6-BF9B0EA3D21A}.Debug|Any CPU.ActiveCfg = Debug|Any CPU
		{27589D17-8163-4ADB-AAC6-BF9B0EA3D21A}.Debug|Any CPU.Build.0 = Debug|Any CPU
		{27589D17-8163-4ADB-AAC6-BF9B0EA3D21A}.Release|Any CPU.ActiveCfg = Release|Any CPU
		{27589D17-8163-4ADB-AAC6-BF9B0EA3D21A}.Release|Any CPU.Build.0 = Release|Any CPU
		{6E58D43B-0955-424E-ABCE-45C115B7CE77}.Debug|Any CPU.ActiveCfg = Debug|Any CPU
		{6E58D43B-0955-424E-ABCE-45C115B7CE77}.Debug|Any CPU.Build.0 = Debug|Any CPU
		{6E58D43B-0955-424E-ABCE-45C115B7CE77}.Release|Any CPU.ActiveCfg = Release|Any CPU
		{6E58D43B-0955-424E-ABCE-45C115B7CE77}.Release|Any CPU.Build.0 = Release|Any CPU
		{38139918-C67F-47B8-80EE-4AF97BF5EA99}.Debug|Any CPU.ActiveCfg = Debug|Any CPU
		{38139918-C67F-47B8-80EE-4AF97BF5EA99}.Debug|Any CPU.Build.0 = Debug|Any CPU
		{38139918-C67F-47B8-80EE-4AF97BF5EA99}.Release|Any CPU.ActiveCfg = Release|Any CPU
		{38139918-C67F-47B8-80EE-4AF97BF5EA99}.Release|Any CPU.Build.0 = Release|Any CPU
		{C6193959-6C02-451E-8F13-10E33F47D1CD}.Debug|Any CPU.ActiveCfg = Debug|Any CPU
		{C6193959-6C02-451E-8F13-10E33F47D1CD}.Debug|Any CPU.Build.0 = Debug|Any CPU
		{C6193959-6C02-451E-8F13-10E33F47D1CD}.Release|Any CPU.ActiveCfg = Release|Any CPU
		{C6193959-6C02-451E-8F13-10E33F47D1CD}.Release|Any CPU.Build.0 = Release|Any CPU
		{BA781143-2B1A-4EC7-93EA-1FD67AB53987}.Debug|Any CPU.ActiveCfg = Debug|Any CPU
		{BA781143-2B1A-4EC7-93EA-1FD67AB53987}.Debug|Any CPU.Build.0 = Debug|Any CPU
		{BA781143-2B1A-4EC7-93EA-1FD67AB53987}.Release|Any CPU.ActiveCfg = Release|Any CPU
		{BA781143-2B1A-4EC7-93EA-1FD67AB53987}.Release|Any CPU.Build.0 = Release|Any CPU
		{58BD715F-2488-45A0-964F-87F871783BF2}.Debug|Any CPU.ActiveCfg = Debug|Any CPU
		{58BD715F-2488-45A0-964F-87F871783BF2}.Debug|Any CPU.Build.0 = Debug|Any CPU
		{58BD715F-2488-45A0-964F-87F871783BF2}.Release|Any CPU.ActiveCfg = Release|Any CPU
		{58BD715F-2488-45A0-964F-87F871783BF2}.Release|Any CPU.Build.0 = Release|Any CPU
		{79CE064F-80BB-4E30-939E-56517548EE7E}.Debug|Any CPU.ActiveCfg = Debug|Any CPU
		{79CE064F-80BB-4E30-939E-56517548EE7E}.Debug|Any CPU.Build.0 = Debug|Any CPU
		{79CE064F-80BB-4E30-939E-56517548EE7E}.Release|Any CPU.ActiveCfg = Release|Any CPU
		{79CE064F-80BB-4E30-939E-56517548EE7E}.Release|Any CPU.Build.0 = Release|Any CPU
		{87CF3A04-41C9-486A-831F-1E7ABCF4AA16}.Debug|Any CPU.ActiveCfg = Debug|Any CPU
		{87CF3A04-41C9-486A-831F-1E7ABCF4AA16}.Debug|Any CPU.Build.0 = Debug|Any CPU
		{87CF3A04-41C9-486A-831F-1E7ABCF4AA16}.Release|Any CPU.ActiveCfg = Release|Any CPU
		{87CF3A04-41C9-486A-831F-1E7ABCF4AA16}.Release|Any CPU.Build.0 = Release|Any CPU
		{7F483D2C-7DAC-4A17-9A5F-B4A3EF35D359}.Debug|Any CPU.ActiveCfg = Debug|Any CPU
		{7F483D2C-7DAC-4A17-9A5F-B4A3EF35D359}.Debug|Any CPU.Build.0 = Debug|Any CPU
		{7F483D2C-7DAC-4A17-9A5F-B4A3EF35D359}.Release|Any CPU.ActiveCfg = Release|Any CPU
		{7F483D2C-7DAC-4A17-9A5F-B4A3EF35D359}.Release|Any CPU.Build.0 = Release|Any CPU
		{CA1A07F2-8DD4-4788-BA94-95157AB3BF33}.Debug|Any CPU.ActiveCfg = Debug|Any CPU
		{CA1A07F2-8DD4-4788-BA94-95157AB3BF33}.Debug|Any CPU.Build.0 = Debug|Any CPU
		{CA1A07F2-8DD4-4788-BA94-95157AB3BF33}.Release|Any CPU.ActiveCfg = Release|Any CPU
		{CA1A07F2-8DD4-4788-BA94-95157AB3BF33}.Release|Any CPU.Build.0 = Release|Any CPU
	EndGlobalSection
	GlobalSection(SolutionProperties) = preSolution
		HideSolutionNode = FALSE
	EndGlobalSection
	GlobalSection(NestedProjects) = preSolution
		{5C1263DA-BD1C-4D17-89DC-7B72E147DF5E} = {7F0F6648-C1E3-4702-BABA-F480EC4BBD87}
		{A0D19D1F-C606-4BFF-A064-2769FFB477D0} = {5C1263DA-BD1C-4D17-89DC-7B72E147DF5E}
		{8C954746-7D40-4BC5-9480-EA0D330C8C11} = {7F0F6648-C1E3-4702-BABA-F480EC4BBD87}
		{6E58D43B-0955-424E-ABCE-45C115B7CE77} = {8C954746-7D40-4BC5-9480-EA0D330C8C11}
		{9CF20616-A8D4-4965-A80E-03066CE3586B} = {7F0F6648-C1E3-4702-BABA-F480EC4BBD87}
		{38139918-C67F-47B8-80EE-4AF97BF5EA99} = {9CF20616-A8D4-4965-A80E-03066CE3586B}
		{C6193959-6C02-451E-8F13-10E33F47D1CD} = {9CF20616-A8D4-4965-A80E-03066CE3586B}
		{28A264E7-F456-44AF-B22E-2D8879EEEC29} = {7F0F6648-C1E3-4702-BABA-F480EC4BBD87}
		{BA781143-2B1A-4EC7-93EA-1FD67AB53987} = {28A264E7-F456-44AF-B22E-2D8879EEEC29}
		{58BD715F-2488-45A0-964F-87F871783BF2} = {28A264E7-F456-44AF-B22E-2D8879EEEC29}
		{79CE064F-80BB-4E30-939E-56517548EE7E} = {28A264E7-F456-44AF-B22E-2D8879EEEC29}
		{87CF3A04-41C9-486A-831F-1E7ABCF4AA16} = {28A264E7-F456-44AF-B22E-2D8879EEEC29}
		{7F483D2C-7DAC-4A17-9A5F-B4A3EF35D359} = {91F50E32-705F-4EA7-9548-5EC8B7273FBD}
		{CA1A07F2-8DD4-4788-BA94-95157AB3BF33} = {D3C73C65-9A49-49CE-9E96-1517E37ECAE8}
	EndGlobalSection
	GlobalSection(ExtensibilityGlobals) = postSolution
		SolutionGuid = {4E35F13A-40EA-4B17-96F2-3BE793B2A5EF}
	EndGlobalSection
EndGlobal
